// !$*UTF8*$!
{
	archiveVersion = 1;
	classes = {
	};
	objectVersion = 50;
	objects = {

/* Begin PBXBuildFile section */
		87459F9C218CB63E0029C813 /* main.swift in Sources */ = {isa = PBXBuildFile; fileRef = 87459F9B218CB63E0029C813 /* main.swift */; };
		87459FA3218CB6790029C813 /* FakeMap.swift in Sources */ = {isa = PBXBuildFile; fileRef = 87459FA2218CB6790029C813 /* FakeMap.swift */; };
		874D4B022199509500E9ABCE /* LinearMap.swift in Sources */ = {isa = PBXBuildFile; fileRef = 874D4B012199509500E9ABCE /* LinearMap.swift */; };
		874D4B04219950C300E9ABCE /* BinaryMap.swift in Sources */ = {isa = PBXBuildFile; fileRef = 874D4B03219950C300E9ABCE /* BinaryMap.swift */; };
		874D4B06219950D100E9ABCE /* HashMap.swift in Sources */ = {isa = PBXBuildFile; fileRef = 874D4B05219950D100E9ABCE /* HashMap.swift */; };
		874D4B082199552B00E9ABCE /* Benchmark.swift in Sources */ = {isa = PBXBuildFile; fileRef = 874D4B072199552B00E9ABCE /* Benchmark.swift */; };
		874D4B0B219A315800E9ABCE /* textWrite.swift in Sources */ = {isa = PBXBuildFile; fileRef = 874D4B0A219A315800E9ABCE /* textWrite.swift */; };
/* End PBXBuildFile section */

/* Begin PBXCopyFilesBuildPhase section */
		87459F96218CB63E0029C813 /* CopyFiles */ = {
			isa = PBXCopyFilesBuildPhase;
			buildActionMask = 2147483647;
			dstPath = /usr/share/man/man1/;
			dstSubfolderSpec = 0;
			files = (
			);
			runOnlyForDeploymentPostprocessing = 1;
		};
/* End PBXCopyFilesBuildPhase section */

/* Begin PBXFileReference section */
		87459F98218CB63E0029C813 /* TestingOMaps */ = {isa = PBXFileReference; explicitFileType = "compiled.mach-o.executable"; includeInIndex = 0; path = TestingOMaps; sourceTree = BUILT_PRODUCTS_DIR; };
		87459F9B218CB63E0029C813 /* main.swift */ = {isa = PBXFileReference; lastKnownFileType = sourcecode.swift; path = main.swift; sourceTree = "<group>"; };
		87459FA2218CB6790029C813 /* FakeMap.swift */ = {isa = PBXFileReference; lastKnownFileType = sourcecode.swift; path = FakeMap.swift; sourceTree = "<group>"; };
		874D4B012199509500E9ABCE /* LinearMap.swift */ = {isa = PBXFileReference; lastKnownFileType = sourcecode.swift; path = LinearMap.swift; sourceTree = "<group>"; };
		874D4B03219950C300E9ABCE /* BinaryMap.swift */ = {isa = PBXFileReference; lastKnownFileType = sourcecode.swift; path = BinaryMap.swift; sourceTree = "<group>"; };
		874D4B05219950D100E9ABCE /* HashMap.swift */ = {isa = PBXFileReference; lastKnownFileType = sourcecode.swift; path = HashMap.swift; sourceTree = "<group>"; };
		874D4B072199552B00E9ABCE /* Benchmark.swift */ = {isa = PBXFileReference; lastKnownFileType = sourcecode.swift; path = Benchmark.swift; sourceTree = "<group>"; };
		874D4B0A219A315800E9ABCE /* textWrite.swift */ = {isa = PBXFileReference; lastKnownFileType = sourcecode.swift; path = textWrite.swift; sourceTree = "<group>"; };
/* End PBXFileReference section */

/* Begin PBXFrameworksBuildPhase section */
		87459F95218CB63E0029C813 /* Frameworks */ = {
			isa = PBXFrameworksBuildPhase;
			buildActionMask = 2147483647;
			files = (
			);
			runOnlyForDeploymentPostprocessing = 0;
		};
/* End PBXFrameworksBuildPhase section */

/* Begin PBXGroup section */
		87459F8F218CB63E0029C813 = {
			isa = PBXGroup;
			children = (
				87459F9A218CB63E0029C813 /* TestingOMaps */,
				87459F99218CB63E0029C813 /* Products */,
			);
			sourceTree = "<group>";
		};
		87459F99218CB63E0029C813 /* Products */ = {
			isa = PBXGroup;
			children = (
				87459F98218CB63E0029C813 /* TestingOMaps */,
			);
			name = Products;
			sourceTree = "<group>";
		};
		87459F9A218CB63E0029C813 /* TestingOMaps */ = {
			isa = PBXGroup;
			children = (
				87459F9B218CB63E0029C813 /* main.swift */,
				874D4B072199552B00E9ABCE /* Benchmark.swift */,
				874D4B0A219A315800E9ABCE /* textWrite.swift */,
				874D4B09219A28CC00E9ABCE /* Maps */,
			);
			path = TestingOMaps;
			sourceTree = "<group>";
		};
		874D4B09219A28CC00E9ABCE /* Maps */ = {
			isa = PBXGroup;
			children = (
				87459FA2218CB6790029C813 /* FakeMap.swift */,
				874D4B012199509500E9ABCE /* LinearMap.swift */,
				874D4B03219950C300E9ABCE /* BinaryMap.swift */,
				874D4B05219950D100E9ABCE /* HashMap.swift */,
			);
			path = Maps;
			sourceTree = "<group>";
		};
/* End PBXGroup section */

/* Begin PBXNativeTarget section */
		87459F97218CB63E0029C813 /* TestingOMaps */ = {
			isa = PBXNativeTarget;
			buildConfigurationList = 87459F9F218CB63E0029C813 /* Build configuration list for PBXNativeTarget "TestingOMaps" */;
			buildPhases = (
				87459F94218CB63E0029C813 /* Sources */,
				87459F95218CB63E0029C813 /* Frameworks */,
				87459F96218CB63E0029C813 /* CopyFiles */,
			);
			buildRules = (
			);
			dependencies = (
			);
			name = TestingOMaps;
			productName = TestingOMaps;
			productReference = 87459F98218CB63E0029C813 /* TestingOMaps */;
			productType = "com.apple.product-type.tool";
		};
/* End PBXNativeTarget section */

/* Begin PBXProject section */
		87459F90218CB63E0029C813 /* Project object */ = {
			isa = PBXProject;
			attributes = {
				LastSwiftUpdateCheck = 1000;
				LastUpgradeCheck = 1000;
				ORGANIZATIONNAME = NepinNep;
				TargetAttributes = {
					87459F97218CB63E0029C813 = {
						CreatedOnToolsVersion = 10.0;
					};
				};
			};
			buildConfigurationList = 87459F93218CB63E0029C813 /* Build configuration list for PBXProject "TestingOMaps" */;
			compatibilityVersion = "Xcode 9.3";
			developmentRegion = en;
			hasScannedForEncodings = 0;
			knownRegions = (
				en,
			);
			mainGroup = 87459F8F218CB63E0029C813;
			productRefGroup = 87459F99218CB63E0029C813 /* Products */;
			projectDirPath = "";
			projectRoot = "";
			targets = (
				87459F97218CB63E0029C813 /* TestingOMaps */,
			);
		};
/* End PBXProject section */

/* Begin PBXSourcesBuildPhase section */
		87459F94218CB63E0029C813 /* Sources */ = {
			isa = PBXSourcesBuildPhase;
			buildActionMask = 2147483647;
			files = (
				87459F9C218CB63E0029C813 /* main.swift in Sources */,
				874D4B082199552B00E9ABCE /* Benchmark.swift in Sources */,
				874D4B04219950C300E9ABCE /* BinaryMap.swift in Sources */,
				87459FA3218CB6790029C813 /* FakeMap.swift in Sources */,
				874D4B0B219A315800E9ABCE /* textWrite.swift in Sources */,
				874D4B022199509500E9ABCE /* LinearMap.swift in Sources */,
				874D4B06219950D100E9ABCE /* HashMap.swift in Sources */,
			);
			runOnlyForDeploymentPostprocessing = 0;
		};
/* End PBXSourcesBuildPhase section */

/* Begin XCBuildConfiguration section */
		87459F9D218CB63E0029C813 /* Debug */ = {
			isa = XCBuildConfiguration;
			buildSettings = {
				ALWAYS_SEARCH_USER_PATHS = NO;
				CLANG_ANALYZER_NONNULL = YES;
				CLANG_ANALYZER_NUMBER_OBJECT_CONVERSION = YES_AGGRESSIVE;
				CLANG_CXX_LANGUAGE_STANDARD = "gnu++14";
				CLANG_CXX_LIBRARY = "libc++";
				CLANG_ENABLE_MODULES = YES;
				CLANG_ENABLE_OBJC_ARC = YES;
				CLANG_ENABLE_OBJC_WEAK = YES;
				CLANG_WARN_BLOCK_CAPTURE_AUTORELEASING = YES;
				CLANG_WARN_BOOL_CONVERSION = YES;
				CLANG_WARN_COMMA = YES;
				CLANG_WARN_CONSTANT_CONVERSION = YES;
				CLANG_WARN_DEPRECATED_OBJC_IMPLEMENTATIONS = YES;
				CLANG_WARN_DIRECT_OBJC_ISA_USAGE = YES_ERROR;
				CLANG_WARN_DOCUMENTATION_COMMENTS = YES;
				CLANG_WARN_EMPTY_BODY = YES;
				CLANG_WARN_ENUM_CONVERSION = YES;
				CLANG_WARN_INFINITE_RECURSION = YES;
				CLANG_WARN_INT_CONVERSION = YES;
				CLANG_WARN_NON_LITERAL_NULL_CONVERSION = YES;
				CLANG_WARN_OBJC_IMPLICIT_RETAIN_SELF = YES;
				CLANG_WARN_OBJC_LITERAL_CONVERSION = YES;
				CLANG_WARN_OBJC_ROOT_CLASS = YES_ERROR;
				CLANG_WARN_RANGE_LOOP_ANALYSIS = YES;
				CLANG_WARN_STRICT_PROTOTYPES = YES;
				CLANG_WARN_SUSPICIOUS_MOVE = YES;
				CLANG_WARN_UNGUARDED_AVAILABILITY = YES_AGGRESSIVE;
				CLANG_WARN_UNREACHABLE_CODE = YES;
				CLANG_WARN__DUPLICATE_METHOD_MATCH = YES;
				CODE_SIGN_IDENTITY = "-";
				COPY_PHASE_STRIP = NO;
				DEBUG_INFORMATION_FORMAT = dwarf;
				ENABLE_STRICT_OBJC_MSGSEND = YES;
				ENABLE_TESTABILITY = YES;
				GCC_C_LANGUAGE_STANDARD = gnu11;
				GCC_DYNAMIC_NO_PIC = NO;
				GCC_NO_COMMON_BLOCKS = YES;
				GCC_OPTIMIZATION_LEVEL = 0;
				GCC_PREPROCESSOR_DEFINITIONS = (
					"DEBUG=1",
					"$(inherited)",
				);
				GCC_WARN_64_TO_32_BIT_CONVERSION = YES;
				GCC_WARN_ABOUT_RETURN_TYPE = YES_ERROR;
				GCC_WARN_UNDECLARED_SELECTOR = YES;
				GCC_WARN_UNINITIALIZED_AUTOS = YES_AGGRESSIVE;
				GCC_WARN_UNUSED_FUNCTION = YES;
				GCC_WARN_UNUSED_VARIABLE = YES;
				MACOSX_DEPLOYMENT_TARGET = 10.14;
				MTL_ENABLE_DEBUG_INFO = INCLUDE_SOURCE;
				MTL_FAST_MATH = YES;
				ONLY_ACTIVE_ARCH = YES;
				SDKROOT = macosx;
				SWIFT_ACTIVE_COMPILATION_CONDITIONS = DEBUG;
				SWIFT_OPTIMIZATION_LEVEL = "-Onone";
			};
			name = Debug;
		};
		87459F9E218CB63E0029C813 /* Release */ = {
			isa = XCBuildConfiguration;
			buildSettings = {
				ALWAYS_SEARCH_USER_PATHS = NO;
				CLANG_ANALYZER_NONNULL = YES;
				CLANG_ANALYZER_NUMBER_OBJECT_CONVERSION = YES_AGGRESSIVE;
				CLANG_CXX_LANGUAGE_STANDARD = "gnu++14";
				CLANG_CXX_LIBRARY = "libc++";
				CLANG_ENABLE_MODULES = YES;
				CLANG_ENABLE_OBJC_ARC = YES;
				CLANG_ENABLE_OBJC_WEAK = YES;
				CLANG_WARN_BLOCK_CAPTURE_AUTORELEASING = YES;
				CLANG_WARN_BOOL_CONVERSION = YES;
				CLANG_WARN_COMMA = YES;
				CLANG_WARN_CONSTANT_CONVERSION = YES;
				CLANG_WARN_DEPRECATED_OBJC_IMPLEMENTATIONS = YES;
				CLANG_WARN_DIRECT_OBJC_ISA_USAGE = YES_ERROR;
				CLANG_WARN_DOCUMENTATION_COMMENTS = YES;
				CLANG_WARN_EMPTY_BODY = YES;
				CLANG_WARN_ENUM_CONVERSION = YES;
				CLANG_WARN_INFINITE_RECURSION = YES;
				CLANG_WARN_INT_CONVERSION = YES;
				CLANG_WARN_NON_LITERAL_NULL_CONVERSION = YES;
				CLANG_WARN_OBJC_IMPLICIT_RETAIN_SELF = YES;
				CLANG_WARN_OBJC_LITERAL_CONVERSION = YES;
				CLANG_WARN_OBJC_ROOT_CLASS = YES_ERROR;
				CLANG_WARN_RANGE_LOOP_ANALYSIS = YES;
				CLANG_WARN_STRICT_PROTOTYPES = YES;
				CLANG_WARN_SUSPICIOUS_MOVE = YES;
				CLANG_WARN_UNGUARDED_AVAILABILITY = YES_AGGRESSIVE;
				CLANG_WARN_UNREACHABLE_CODE = YES;
				CLANG_WARN__DUPLICATE_METHOD_MATCH = YES;
				CODE_SIGN_IDENTITY = "-";
				COPY_PHASE_STRIP = NO;
				DEBUG_INFORMATION_FORMAT = "dwarf-with-dsym";
				ENABLE_NS_ASSERTIONS = NO;
				ENABLE_STRICT_OBJC_MSGSEND = YES;
				GCC_C_LANGUAGE_STANDARD = gnu11;
				GCC_NO_COMMON_BLOCKS = YES;
				GCC_WARN_64_TO_32_BIT_CONVERSION = YES;
				GCC_WARN_ABOUT_RETURN_TYPE = YES_ERROR;
				GCC_WARN_UNDECLARED_SELECTOR = YES;
				GCC_WARN_UNINITIALIZED_AUTOS = YES_AGGRESSIVE;
				GCC_WARN_UNUSED_FUNCTION = YES;
				GCC_WARN_UNUSED_VARIABLE = YES;
				MACOSX_DEPLOYMENT_TARGET = 10.14;
				MTL_ENABLE_DEBUG_INFO = NO;
				MTL_FAST_MATH = YES;
				SDKROOT = macosx;
				SWIFT_COMPILATION_MODE = wholemodule;
				SWIFT_OPTIMIZATION_LEVEL = "-O";
			};
			name = Release;
		};
		87459FA0218CB63E0029C813 /* Debug */ = {
			isa = XCBuildConfiguration;
			buildSettings = {
				CODE_SIGN_STYLE = Automatic;
				PRODUCT_NAME = "$(TARGET_NAME)";
				SWIFT_VERSION = 4.2;
			};
			name = Debug;
		};
		87459FA1218CB63E0029C813 /* Release */ = {
			isa = XCBuildConfiguration;
			buildSettings = {
				CODE_SIGN_STYLE = Automatic;
				PRODUCT_NAME = "$(TARGET_NAME)";
				SWIFT_VERSION = 4.2;
			};
			name = Release;
		};
/* End XCBuildConfiguration section */

/* Begin XCConfigurationList section */
		87459F93218CB63E0029C813 /* Build configuration list for PBXProject "TestingOMaps" */ = {
			isa = XCConfigurationList;
			buildConfigurations = (
				87459F9D218CB63E0029C813 /* Debug */,
				87459F9E218CB63E0029C813 /* Release */,
			);
			defaultConfigurationIsVisible = 0;
			defaultConfigurationName = Release;
		};
		87459F9F218CB63E0029C813 /* Build configuration list for PBXNativeTarget "TestingOMaps" */ = {
			isa = XCConfigurationList;
			buildConfigurations = (
				87459FA0218CB63E0029C813 /* Debug */,
				87459FA1218CB63E0029C813 /* Release */,
			);
			defaultConfigurationIsVisible = 0;
			defaultConfigurationName = Release;
		};
/* End XCConfigurationList section */
	};
	rootObject = 87459F90218CB63E0029C813 /* Project object */;
}
